# THIS IS AN AUTOGENERATED FILE. DO NOT EDIT THIS FILE DIRECTLY.
# yarn lockfile v1


azure-devops-node-api@^10.1.0:
  version "10.1.0"
  resolved "https://registry.yarnpkg.com/azure-devops-node-api/-/azure-devops-node-api-10.1.0.tgz#dc572abae0c2993e227dd0e59d11318c49768113"
  integrity sha512-CPGfmGkiZ+wsmeElmloFHFBHYRc1S8miJrQjJ9JBhr0BjUQ4i/xV/OhYGOyqJOHN+LGGcLTrWCeq2t9zNQkQ9w==
  dependencies:
    tunnel "0.0.6"
    typed-rest-client "1.7.2"
    underscore "1.8.3"

qs@^6.9.1:
  version "6.9.3"
  resolved "https://registry.yarnpkg.com/qs/-/qs-6.9.3.tgz#bfadcd296c2d549f1dffa560619132c977f5008e"
  integrity sha512-EbZYNarm6138UKKq46tdx08Yo/q9ZhFoAXAI1meAFd2GtbRDhbZY2WQSICskT0c5q99aFzLG1D4nvTk9tqfXIw==

tunnel@0.0.6:
  version "0.0.6"
  resolved "https://registry.yarnpkg.com/tunnel/-/tunnel-0.0.6.tgz#72f1314b34a5b192db012324df2cc587ca47f92c"
  integrity sha512-1h/Lnq9yajKY2PEbBadPXj3VxsDDu844OnaAo52UVmIzIvwwtBPIuNvkjuzBlTWpfJyUbG3ez0KSBibQkj4ojg==

typed-rest-client@1.7.2:
  version "1.7.2"
  resolved "https://registry.yarnpkg.com/typed-rest-client/-/typed-rest-client-1.7.2.tgz#5be96f5bbff703e3527ffd6e2661d2074056f7e7"
  integrity sha512-6ENgPdTH7s2Xcd6mBaahyMLBoXPi0LNe75E1T0RFOdhqN9ENpZmf3P5iloOlJUDaHYrucPPzMrBybr6BdS2URg==
  dependencies:
    qs "^6.9.1"
    tunnel "0.0.6"
    underscore "1.8.3"

underscore@1.8.3:
  version "1.8.3"
  resolved "https://registry.yarnpkg.com/underscore/-/underscore-1.8.3.tgz#4f3fb53b106e6097fcf9cb4109f2a5e9bdfa5022"
  integrity sha1-Tz+1OxBuYJf8+ctBCfKl6b36UCI=
